
Microsoft Visual Studio Solution File, Format Version 12.00
# Visual Studio Version 16
VisualStudioVersion = 16.0.30523.141
MinimumVisualStudioVersion = 10.0.40219.1
Project("{FAE04EC0-301F-11D3-BF4B-00C04F79EFBC}") = "Autosjatek", "Autosjatek\Autosjatek.csproj", "{7522A7F1-645D-4771-85FD-4B2C499121EB}"
EndProject
Global
	GlobalSection(SolutionConfigurationPlatforms) = preSolution
		Debug|Any CPU = Debug|Any CPU
		Release|Any CPU = Release|Any CPU
	EndGlobalSection
	GlobalSection(ProjectConfigurationPlatforms) = postSolution
		{7522A7F1-645D-4771-85FD-4B2C499121EB}.Debug|Any CPU.ActiveCfg = Debug|Any CPU
		{7522A7F1-645D-4771-85FD-4B2C499121EB}.Debug|Any CPU.Build.0 = Debug|Any CPU
		{7522A7F1-645D-4771-85FD-4B2C499121EB}.Release|Any CPU.ActiveCfg = Release|Any CPU
		{7522A7F1-645D-4771-85FD-4B2C499121EB}.Release|Any CPU.Build.0 = Release|Any CPU
	EndGlobalSection
	GlobalSection(SolutionProperties) = preSolution
		HideSolutionNode = FALSE
	EndGlobalSection
	GlobalSection(ExtensibilityGlobals) = postSolution
		SolutionGuid = {11D8BE5A-C195-459D-900C-D6A8D88D2F04}
	EndGlobalSection
EndGlobal
